// !$*UTF8*$!
{
	archiveVersion = 1;
	classes = {
	};
	objectVersion = 46;
	objects = {

/* Begin PBXBuildFile section */
		769370671DB557A700C96D7F /* AppDelegate.swift in Sources */ = {isa = PBXBuildFile; fileRef = 769370661DB557A700C96D7F /* AppDelegate.swift */; };
		769370691DB557A700C96D7F /* ViewController.swift in Sources */ = {isa = PBXBuildFile; fileRef = 769370681DB557A700C96D7F /* ViewController.swift */; };
		7693706C1DB557A700C96D7F /* Main.storyboard in Resources */ = {isa = PBXBuildFile; fileRef = 7693706A1DB557A700C96D7F /* Main.storyboard */; };
		7693706E1DB557A700C96D7F /* Assets.xcassets in Resources */ = {isa = PBXBuildFile; fileRef = 7693706D1DB557A700C96D7F /* Assets.xcassets */; };
		769370711DB557A700C96D7F /* LaunchScreen.storyboard in Resources */ = {isa = PBXBuildFile; fileRef = 7693706F1DB557A700C96D7F /* LaunchScreen.storyboard */; };
		7693707C1DB557A700C96D7F /* CalculatoolTests.swift in Sources */ = {isa = PBXBuildFile; fileRef = 7693707B1DB557A700C96D7F /* CalculatoolTests.swift */; };
		769370871DB557A700C96D7F /* CalculatoolUITests.swift in Sources */ = {isa = PBXBuildFile; fileRef = 769370861DB557A700C96D7F /* CalculatoolUITests.swift */; };
		76C734481DB7BBC6005FEE97 /* CalculatoolBrains.swift in Sources */ = {isa = PBXBuildFile; fileRef = 76C734471DB7BBC6005FEE97 /* CalculatoolBrains.swift */; };
/* End PBXBuildFile section */

/* Begin PBXContainerItemProxy section */
		769370781DB557A700C96D7F /* PBXContainerItemProxy */ = {
			isa = PBXContainerItemProxy;
			containerPortal = 7693705B1DB557A600C96D7F /* Project object */;
			proxyType = 1;
			remoteGlobalIDString = 769370621DB557A600C96D7F;
			remoteInfo = Calculatool;
		};
		769370831DB557A700C96D7F /* PBXContainerItemProxy */ = {
			isa = PBXContainerItemProxy;
			containerPortal = 7693705B1DB557A600C96D7F /* Project object */;
			proxyType = 1;
			remoteGlobalIDString = 769370621DB557A600C96D7F;
			remoteInfo = Calculatool;
		};
/* End PBXContainerItemProxy section */

/* Begin PBXFileReference section */
		769370631DB557A700C96D7F /* Calculatool.app */ = {isa = PBXFileReference; explicitFileType = wrapper.application; includeInIndex = 0; path = Calculatool.app; sourceTree = BUILT_PRODUCTS_DIR; };
		769370661DB557A700C96D7F /* AppDelegate.swift */ = {isa = PBXFileReference; lastKnownFileType = sourcecode.swift; path = AppDelegate.swift; sourceTree = "<group>"; };
		769370681DB557A700C96D7F /* ViewController.swift */ = {isa = PBXFileReference; lastKnownFileType = sourcecode.swift; path = ViewController.swift; sourceTree = "<group>"; };
		7693706B1DB557A700C96D7F /* Base */ = {isa = PBXFileReference; lastKnownFileType = file.storyboard; name = Base; path = Base.lproj/Main.storyboard; sourceTree = "<group>"; };
		7693706D1DB557A700C96D7F /* Assets.xcassets */ = {isa = PBXFileReference; lastKnownFileType = folder.assetcatalog; path = Assets.xcassets; sourceTree = "<group>"; };
		769370701DB557A700C96D7F /* Base */ = {isa = PBXFileReference; lastKnownFileType = file.storyboard; name = Base; path = Base.lproj/LaunchScreen.storyboard; sourceTree = "<group>"; };
		769370721DB557A700C96D7F /* Info.plist */ = {isa = PBXFileReference; lastKnownFileType = text.plist.xml; path = Info.plist; sourceTree = "<group>"; };
		769370771DB557A700C96D7F /* CalculatoolTests.xctest */ = {isa = PBXFileReference; explicitFileType = wrapper.cfbundle; includeInIndex = 0; path = CalculatoolTests.xctest; sourceTree = BUILT_PRODUCTS_DIR; };
		7693707B1DB557A700C96D7F /* CalculatoolTests.swift */ = {isa = PBXFileReference; lastKnownFileType = sourcecode.swift; path = CalculatoolTests.swift; sourceTree = "<group>"; };
		7693707D1DB557A700C96D7F /* Info.plist */ = {isa = PBXFileReference; lastKnownFileType = text.plist.xml; path = Info.plist; sourceTree = "<group>"; };
		769370821DB557A700C96D7F /* CalculatoolUITests.xctest */ = {isa = PBXFileReference; explicitFileType = wrapper.cfbundle; includeInIndex = 0; path = CalculatoolUITests.xctest; sourceTree = BUILT_PRODUCTS_DIR; };
		769370861DB557A700C96D7F /* CalculatoolUITests.swift */ = {isa = PBXFileReference; lastKnownFileType = sourcecode.swift; path = CalculatoolUITests.swift; sourceTree = "<group>"; };
		769370881DB557A700C96D7F /* Info.plist */ = {isa = PBXFileReference; lastKnownFileType = text.plist.xml; path = Info.plist; sourceTree = "<group>"; };
		76C734471DB7BBC6005FEE97 /* CalculatoolBrains.swift */ = {isa = PBXFileReference; fileEncoding = 4; lastKnownFileType = sourcecode.swift; path = CalculatoolBrains.swift; sourceTree = "<group>"; };
/* End PBXFileReference section */

/* Begin PBXFrameworksBuildPhase section */
		769370601DB557A600C96D7F /* Frameworks */ = {
			isa = PBXFrameworksBuildPhase;
			buildActionMask = 2147483647;
			files = (
			);
			runOnlyForDeploymentPostprocessing = 0;
		};
		769370741DB557A700C96D7F /* Frameworks */ = {
			isa = PBXFrameworksBuildPhase;
			buildActionMask = 2147483647;
			files = (
			);
			runOnlyForDeploymentPostprocessing = 0;
		};
		7693707F1DB557A700C96D7F /* Frameworks */ = {
			isa = PBXFrameworksBuildPhase;
			buildActionMask = 2147483647;
			files = (
			);
			runOnlyForDeploymentPostprocessing = 0;
		};
/* End PBXFrameworksBuildPhase section */

/* Begin PBXGroup section */
		7693705A1DB557A600C96D7F = {
			isa = PBXGroup;
			children = (
				769370651DB557A700C96D7F /* Calculatool */,
				7693707A1DB557A700C96D7F /* CalculatoolTests */,
				769370851DB557A700C96D7F /* CalculatoolUITests */,
				769370641DB557A700C96D7F /* Products */,
			);
			sourceTree = "<group>";
		};
		769370641DB557A700C96D7F /* Products */ = {
			isa = PBXGroup;
			children = (
				769370631DB557A700C96D7F /* Calculatool.app */,
				769370771DB557A700C96D7F /* CalculatoolTests.xctest */,
				769370821DB557A700C96D7F /* CalculatoolUITests.xctest */,
			);
			name = Products;
			sourceTree = "<group>";
		};
		769370651DB557A700C96D7F /* Calculatool */ = {
			isa = PBXGroup;
			children = (
				769370661DB557A700C96D7F /* AppDelegate.swift */,
				769370681DB557A700C96D7F /* ViewController.swift */,
				7693706A1DB557A700C96D7F /* Main.storyboard */,
				76C734471DB7BBC6005FEE97 /* CalculatoolBrains.swift */,
				7693706D1DB557A700C96D7F /* Assets.xcassets */,
				7693706F1DB557A700C96D7F /* LaunchScreen.storyboard */,
				769370721DB557A700C96D7F /* Info.plist */,
			);
			path = Calculatool;
			sourceTree = "<group>";
		};
		7693707A1DB557A700C96D7F /* CalculatoolTests */ = {
			isa = PBXGroup;
			children = (
				7693707B1DB557A700C96D7F /* CalculatoolTests.swift */,
				7693707D1DB557A700C96D7F /* Info.plist */,
			);
			path = CalculatoolTests;
			sourceTree = "<group>";
		};
		769370851DB557A700C96D7F /* CalculatoolUITests */ = {
			isa = PBXGroup;
			children = (
				769370861DB557A700C96D7F /* CalculatoolUITests.swift */,
				769370881DB557A700C96D7F /* Info.plist */,
			);
			path = CalculatoolUITests;
			sourceTree = "<group>";
		};
/* End PBXGroup section */

/* Begin PBXNativeTarget section */
		769370621DB557A600C96D7F /* Calculatool */ = {
			isa = PBXNativeTarget;
			buildConfigurationList = 7693708B1DB557A700C96D7F /* Build configuration list for PBXNativeTarget "Calculatool" */;
			buildPhases = (
				7693705F1DB557A600C96D7F /* Sources */,
				769370601DB557A600C96D7F /* Frameworks */,
				769370611DB557A600C96D7F /* Resources */,
			);
			buildRules = (
			);
			dependencies = (
			);
			name = Calculatool;
			productName = Calculatool;
			productReference = 769370631DB557A700C96D7F /* Calculatool.app */;
			productType = "com.apple.product-type.application";
		};
		769370761DB557A700C96D7F /* CalculatoolTests */ = {
			isa = PBXNativeTarget;
			buildConfigurationList = 7693708E1DB557A700C96D7F /* Build configuration list for PBXNativeTarget "CalculatoolTests" */;
			buildPhases = (
				769370731DB557A700C96D7F /* Sources */,
				769370741DB557A700C96D7F /* Frameworks */,
				769370751DB557A700C96D7F /* Resources */,
			);
			buildRules = (
			);
			dependencies = (
				769370791DB557A700C96D7F /* PBXTargetDependency */,
			);
			name = CalculatoolTests;
			productName = CalculatoolTests;
			productReference = 769370771DB557A700C96D7F /* CalculatoolTests.xctest */;
			productType = "com.apple.product-type.bundle.unit-test";
		};
		769370811DB557A700C96D7F /* CalculatoolUITests */ = {
			isa = PBXNativeTarget;
			buildConfigurationList = 769370911DB557A700C96D7F /* Build configuration list for PBXNativeTarget "CalculatoolUITests" */;
			buildPhases = (
				7693707E1DB557A700C96D7F /* Sources */,
				7693707F1DB557A700C96D7F /* Frameworks */,
				769370801DB557A700C96D7F /* Resources */,
			);
			buildRules = (
			);
			dependencies = (
				769370841DB557A700C96D7F /* PBXTargetDependency */,
			);
			name = CalculatoolUITests;
			productName = CalculatoolUITests;
			productReference = 769370821DB557A700C96D7F /* CalculatoolUITests.xctest */;
			productType = "com.apple.product-type.bundle.ui-testing";
		};
/* End PBXNativeTarget section */

/* Begin PBXProject section */
		7693705B1DB557A600C96D7F /* Project object */ = {
			isa = PBXProject;
			attributes = {
				LastSwiftUpdateCheck = 0800;
				LastUpgradeCheck = 0800;
				ORGANIZATIONNAME = Jarway;
				TargetAttributes = {
					769370621DB557A600C96D7F = {
						CreatedOnToolsVersion = 8.0;
						ProvisioningStyle = Automatic;
					};
					769370761DB557A700C96D7F = {
						CreatedOnToolsVersion = 8.0;
						ProvisioningStyle = Automatic;
						TestTargetID = 769370621DB557A600C96D7F;
					};
					769370811DB557A700C96D7F = {
						CreatedOnToolsVersion = 8.0;
						ProvisioningStyle = Automatic;
						TestTargetID = 769370621DB557A600C96D7F;
					};
				};
			};
			buildConfigurationList = 7693705E1DB557A600C96D7F /* Build configuration list for PBXProject "Calculatool" */;
			compatibilityVersion = "Xcode 3.2";
			developmentRegion = English;
			hasScannedForEncodings = 0;
			knownRegions = (
				en,
				Base,
			);
			mainGroup = 7693705A1DB557A600C96D7F;
			productRefGroup = 769370641DB557A700C96D7F /* Products */;
			projectDirPath = "";
			projectRoot = "";
			targets = (
				769370621DB557A600C96D7F /* Calculatool */,
				769370761DB557A700C96D7F /* CalculatoolTests */,
				769370811DB557A700C96D7F /* CalculatoolUITests */,
			);
		};
/* End PBXProject section */

/* Begin PBXResourcesBuildPhase section */
		769370611DB557A600C96D7F /* Resources */ = {
			isa = PBXResourcesBuildPhase;
			buildActionMask = 2147483647;
			files = (
				769370711DB557A700C96D7F /* LaunchScreen.storyboard in Resources */,
				7693706E1DB557A700C96D7F /* Assets.xcassets in Resources */,
				7693706C1DB557A700C96D7F /* Main.storyboard in Resources */,
			);
			runOnlyForDeploymentPostprocessing = 0;
		};
		769370751DB557A700C96D7F /* Resources */ = {
			isa = PBXResourcesBuildPhase;
			buildActionMask = 2147483647;
			files = (
			);
			runOnlyForDeploymentPostprocessing = 0;
		};
		769370801DB557A700C96D7F /* Resources */ = {
			isa = PBXResourcesBuildPhase;
			buildActionMask = 2147483647;
			files = (
			);
			runOnlyForDeploymentPostprocessing = 0;
		};
/* End PBXResourcesBuildPhase section */

/* Begin PBXSourcesBuildPhase section */
		7693705F1DB557A600C96D7F /* Sources */ = {
			isa = PBXSourcesBuildPhase;
			buildActionMask = 2147483647;
			files = (
				76C734481DB7BBC6005FEE97 /* CalculatoolBrains.swift in Sources */,
				769370691DB557A700C96D7F /* ViewController.swift in Sources */,
				769370671DB557A700C96D7F /* AppDelegate.swift in Sources */,
			);
			runOnlyForDeploymentPostprocessing = 0;
		};
		769370731DB557A700C96D7F /* Sources */ = {
			isa = PBXSourcesBuildPhase;
			buildActionMask = 2147483647;
			files = (
				7693707C1DB557A700C96D7F /* CalculatoolTests.swift in Sources */,
			);
			runOnlyForDeploymentPostprocessing = 0;
		};
		7693707E1DB557A700C96D7F /* Sources */ = {
			isa = PBXSourcesBuildPhase;
			buildActionMask = 2147483647;
			files = (
				769370871DB557A700C96D7F /* CalculatoolUITests.swift in Sources */,
			);
			runOnlyForDeploymentPostprocessing = 0;
		};
/* End PBXSourcesBuildPhase section */

/* Begin PBXTargetDependency section */
		769370791DB557A700C96D7F /* PBXTargetDependency */ = {
			isa = PBXTargetDependency;
			target = 769370621DB557A600C96D7F /* Calculatool */;
			targetProxy = 769370781DB557A700C96D7F /* PBXContainerItemProxy */;
		};
		769370841DB557A700C96D7F /* PBXTargetDependency */ = {
			isa = PBXTargetDependency;
			target = 769370621DB557A600C96D7F /* Calculatool */;
			targetProxy = 769370831DB557A700C96D7F /* PBXContainerItemProxy */;
		};
/* End PBXTargetDependency section */

/* Begin PBXVariantGroup section */
		7693706A1DB557A700C96D7F /* Main.storyboard */ = {
			isa = PBXVariantGroup;
			children = (
				7693706B1DB557A700C96D7F /* Base */,
			);
			name = Main.storyboard;
			sourceTree = "<group>";
		};
		7693706F1DB557A700C96D7F /* LaunchScreen.storyboard */ = {
			isa = PBXVariantGroup;
			children = (
				769370701DB557A700C96D7F /* Base */,
			);
			name = LaunchScreen.storyboard;
			sourceTree = "<group>";
		};
/* End PBXVariantGroup section */

/* Begin XCBuildConfiguration section */
		769370891DB557A700C96D7F /* Debug */ = {
			isa = XCBuildConfiguration;
			buildSettings = {
				ALWAYS_SEARCH_USER_PATHS = NO;
				CLANG_ANALYZER_NONNULL = YES;
				CLANG_CXX_LANGUAGE_STANDARD = "gnu++0x";
				CLANG_CXX_LIBRARY = "libc++";
				CLANG_ENABLE_MODULES = YES;
				CLANG_ENABLE_OBJC_ARC = YES;
				CLANG_WARN_BOOL_CONVERSION = YES;
				CLANG_WARN_CONSTANT_CONVERSION = YES;
				CLANG_WARN_DIRECT_OBJC_ISA_USAGE = YES_ERROR;
				CLANG_WARN_DOCUMENTATION_COMMENTS = YES;
				CLANG_WARN_EMPTY_BODY = YES;
				CLANG_WARN_ENUM_CONVERSION = YES;
				CLANG_WARN_INFINITE_RECURSION = YES;
				CLANG_WARN_INT_CONVERSION = YES;
				CLANG_WARN_OBJC_ROOT_CLASS = YES_ERROR;
				CLANG_WARN_SUSPICIOUS_MOVES = YES;
				CLANG_WARN_UNREACHABLE_CODE = YES;
				CLANG_WARN__DUPLICATE_METHOD_MATCH = YES;
				"CODE_SIGN_IDENTITY[sdk=iphoneos*]" = "iPhone Developer";
				COPY_PHASE_STRIP = NO;
				DEBUG_INFORMATION_FORMAT = dwarf;
				ENABLE_STRICT_OBJC_MSGSEND = YES;
				ENABLE_TESTABILITY = YES;
				GCC_C_LANGUAGE_STANDARD = gnu99;
				GCC_DYNAMIC_NO_PIC = NO;
				GCC_NO_COMMON_BLOCKS = YES;
				GCC_OPTIMIZATION_LEVEL = 0;
				GCC_PREPROCESSOR_DEFINITIONS = (
					"DEBUG=1",
					"$(inherited)",
				);
				GCC_WARN_64_TO_32_BIT_CONVERSION = YES;
				GCC_WARN_ABOUT_RETURN_TYPE = YES_ERROR;
				GCC_WARN_UNDECLARED_SELECTOR = YES;
				GCC_WARN_UNINITIALIZED_AUTOS = YES_AGGRESSIVE;
				GCC_WARN_UNUSED_FUNCTION = YES;
				GCC_WARN_UNUSED_VARIABLE = YES;
				IPHONEOS_DEPLOYMENT_TARGET = 10.0;
				MTL_ENABLE_DEBUG_INFO = YES;
				ONLY_ACTIVE_ARCH = YES;
				SDKROOT = iphoneos;
				SWIFT_ACTIVE_COMPILATION_CONDITIONS = DEBUG;
				SWIFT_OPTIMIZATION_LEVEL = "-Onone";
				TARGETED_DEVICE_FAMILY = "1,2";
			};
			name = Debug;
		};
		7693708A1DB557A700C96D7F /* Release */ = {
			isa = XCBuildConfiguration;
			buildSettings = {
				ALWAYS_SEARCH_USER_PATHS = NO;
				CLANG_ANALYZER_NONNULL = YES;
				CLANG_CXX_LANGUAGE_STANDARD = "gnu++0x";
				CLANG_CXX_LIBRARY = "libc++";
				CLANG_ENABLE_MODULES = YES;
				CLANG_ENABLE_OBJC_ARC = YES;
				CLANG_WARN_BOOL_CONVERSION = YES;
				CLANG_WARN_CONSTANT_CONVERSION = YES;
				CLANG_WARN_DIRECT_OBJC_ISA_USAGE = YES_ERROR;
				CLANG_WARN_DOCUMENTATION_COMMENTS = YES;
				CLANG_WARN_EMPTY_BODY = YES;
				CLANG_WARN_ENUM_CONVERSION = YES;
				CLANG_WARN_INFINITE_RECURSION = YES;
				CLANG_WARN_INT_CONVERSION = YES;
				CLANG_WARN_OBJC_ROOT_CLASS = YES_ERROR;
				CLANG_WARN_SUSPICIOUS_MOVES = YES;
				CLANG_WARN_UNREACHABLE_CODE = YES;
				CLANG_WARN__DUPLICATE_METHOD_MATCH = YES;
				"CODE_SIGN_IDENTITY[sdk=iphoneos*]" = "iPhone Developer";
				COPY_PHASE_STRIP = NO;
				DEBUG_INFORMATION_FORMAT = "dwarf-with-dsym";
				ENABLE_NS_ASSERTIONS = NO;
				ENABLE_STRICT_OBJC_MSGSEND = YES;
				GCC_C_LANGUAGE_STANDARD = gnu99;
				GCC_NO_COMMON_BLOCKS = YES;
				GCC_WARN_64_TO_32_BIT_CONVERSION = YES;
				GCC_WARN_ABOUT_RETURN_TYPE = YES_ERROR;
				GCC_WARN_UNDECLARED_SELECTOR = YES;
				GCC_WARN_UNINITIALIZED_AUTOS = YES_AGGRESSIVE;
				GCC_WARN_UNUSED_FUNCTION = YES;
				GCC_WARN_UNUSED_VARIABLE = YES;
				IPHONEOS_DEPLOYMENT_TARGET = 10.0;
				MTL_ENABLE_DEBUG_INFO = NO;
				SDKROOT = iphoneos;
				SWIFT_OPTIMIZATION_LEVEL = "-Owholemodule";
				TARGETED_DEVICE_FAMILY = "1,2";
				VALIDATE_PRODUCT = YES;
			};
			name = Release;
		};
		7693708C1DB557A700C96D7F /* Debug */ = {
			isa = XCBuildConfiguration;
			buildSettings = {
				ASSETCATALOG_COMPILER_APPICON_NAME = AppIcon;
				INFOPLIST_FILE = Calculatool/Info.plist;
				LD_RUNPATH_SEARCH_PATHS = "$(inherited) @executable_path/Frameworks";
				PRODUCT_BUNDLE_IDENTIFIER = jarway.Calculatool;
				PRODUCT_NAME = "$(TARGET_NAME)";
				SWIFT_VERSION = 3.0;
			};
			name = Debug;
		};
		7693708D1DB557A700C96D7F /* Release */ = {
			isa = XCBuildConfiguration;
			buildSettings = {
				ASSETCATALOG_COMPILER_APPICON_NAME = AppIcon;
				INFOPLIST_FILE = Calculatool/Info.plist;
				LD_RUNPATH_SEARCH_PATHS = "$(inherited) @executable_path/Frameworks";
				PRODUCT_BUNDLE_IDENTIFIER = jarway.Calculatool;
				PRODUCT_NAME = "$(TARGET_NAME)";
				SWIFT_VERSION = 3.0;
			};
			name = Release;
		};
		7693708F1DB557A700C96D7F /* Debug */ = {
			isa = XCBuildConfiguration;
			buildSettings = {
				ALWAYS_EMBED_SWIFT_STANDARD_LIBRARIES = YES;
				BUNDLE_LOADER = "$(TEST_HOST)";
				INFOPLIST_FILE = CalculatoolTests/Info.plist;
				LD_RUNPATH_SEARCH_PATHS = "$(inherited) @executable_path/Frameworks @loader_path/Frameworks";
				PRODUCT_BUNDLE_IDENTIFIER = jarway.CalculatoolTests;
				PRODUCT_NAME = "$(TARGET_NAME)";
				SWIFT_VERSION = 3.0;
				TEST_HOST = "$(BUILT_PRODUCTS_DIR)/Calculatool.app/Calculatool";
			};
			name = Debug;
		};
		769370901DB557A700C96D7F /* Release */ = {
			isa = XCBuildConfiguration;
			buildSettings = {
				ALWAYS_EMBED_SWIFT_STANDARD_LIBRARIES = YES;
				BUNDLE_LOADER = "$(TEST_HOST)";
				INFOPLIST_FILE = CalculatoolTests/Info.plist;
				LD_RUNPATH_SEARCH_PATHS = "$(inherited) @executable_path/Frameworks @loader_path/Frameworks";
				PRODUCT_BUNDLE_IDENTIFIER = jarway.CalculatoolTests;
				PRODUCT_NAME = "$(TARGET_NAME)";
				SWIFT_VERSION = 3.0;
				TEST_HOST = "$(BUILT_PRODUCTS_DIR)/Calculatool.app/Calculatool";
			};
			name = Release;
		};
		769370921DB557A700C96D7F /* Debug */ = {
			isa = XCBuildConfiguration;
			buildSettings = {
				ALWAYS_EMBED_SWIFT_STANDARD_LIBRARIES = YES;
				INFOPLIST_FILE = CalculatoolUITests/Info.plist;
				LD_RUNPATH_SEARCH_PATHS = "$(inherited) @executable_path/Frameworks @loader_path/Frameworks";
				PRODUCT_BUNDLE_IDENTIFIER = jarway.CalculatoolUITests;
				PRODUCT_NAME = "$(TARGET_NAME)";
				SWIFT_VERSION = 3.0;
				TEST_TARGET_NAME = Calculatool;
			};
			name = Debug;
		};
		769370931DB557A700C96D7F /* Release */ = {
			isa = XCBuildConfiguration;
			buildSettings = {
				ALWAYS_EMBED_SWIFT_STANDARD_LIBRARIES = YES;
				INFOPLIST_FILE = CalculatoolUITests/Info.plist;
				LD_RUNPATH_SEARCH_PATHS = "$(inherited) @executable_path/Frameworks @loader_path/Frameworks";
				PRODUCT_BUNDLE_IDENTIFIER = jarway.CalculatoolUITests;
				PRODUCT_NAME = "$(TARGET_NAME)";
				SWIFT_VERSION = 3.0;
				TEST_TARGET_NAME = Calculatool;
			};
			name = Release;
		};
/* End XCBuildConfiguration section */

/* Begin XCConfigurationList section */
		7693705E1DB557A600C96D7F /* Build configuration list for PBXProject "Calculatool" */ = {
			isa = XCConfigurationList;
			buildConfigurations = (
				769370891DB557A700C96D7F /* Debug */,
				7693708A1DB557A700C96D7F /* Release */,
			);
			defaultConfigurationIsVisible = 0;
			defaultConfigurationName = Release;
		};
		7693708B1DB557A700C96D7F /* Build configuration list for PBXNativeTarget "Calculatool" */ = {
			isa = XCConfigurationList;
			buildConfigurations = (
				7693708C1DB557A700C96D7F /* Debug */,
				7693708D1DB557A700C96D7F /* Release */,
			);
			defaultConfigurationIsVisible = 0;
			defaultConfigurationName = Release;
		};
		7693708E1DB557A700C96D7F /* Build configuration list for PBXNativeTarget "CalculatoolTests" */ = {
			isa = XCConfigurationList;
			buildConfigurations = (
				7693708F1DB557A700C96D7F /* Debug */,
				769370901DB557A700C96D7F /* Release */,
			);
			defaultConfigurationIsVisible = 0;
			defaultConfigurationName = Release;
		};
		769370911DB557A700C96D7F /* Build configuration list for PBXNativeTarget "CalculatoolUITests" */ = {
			isa = XCConfigurationList;
			buildConfigurations = (
				769370921DB557A700C96D7F /* Debug */,
				769370931DB557A700C96D7F /* Release */,
			);
			defaultConfigurationIsVisible = 0;
			defaultConfigurationName = Release;
		};
/* End XCConfigurationList section */
	};
	rootObject = 7693705B1DB557A600C96D7F /* Project object */;
}
